
Microsoft Visual Studio Solution File, Format Version 12.00
# Visual Studio 15
VisualStudioVersion = 15.0.27703.2042
MinimumVisualStudioVersion = 10.0.40219.1
Project("{9A19103F-16F7-4668-BE54-9A1E7A4F7556}") = "KasanovaBootStrapTemplate", "KasanovaBootStrapTemplate.csproj", "{B515AA21-FEE0-4235-87F0-5AB090524245}"
EndProject
Global
	GlobalSection(SolutionConfigurationPlatforms) = preSolution
		Debug|Any CPU = Debug|Any CPU
		Release|Any CPU = Release|Any CPU
	EndGlobalSection
	GlobalSection(ProjectConfigurationPlatforms) = postSolution
		{B515AA21-FEE0-4235-87F0-5AB090524245}.Debug|Any CPU.ActiveCfg = Debug|Any CPU
		{B515AA21-FEE0-4235-87F0-5AB090524245}.Debug|Any CPU.Build.0 = Debug|Any CPU
		{B515AA21-FEE0-4235-87F0-5AB090524245}.Release|Any CPU.ActiveCfg = Release|Any CPU
		{B515AA21-FEE0-4235-87F0-5AB090524245}.Release|Any CPU.Build.0 = Release|Any CPU
	EndGlobalSection
	GlobalSection(SolutionProperties) = preSolution
		HideSolutionNode = FALSE
	EndGlobalSection
	GlobalSection(ExtensibilityGlobals) = postSolution
		SolutionGuid = {96DE10DF-3E33-4194-AD09-589656F5C788}
	EndGlobalSection
EndGlobal
